
Microsoft Visual Studio Solution File, Format Version 12.00
# Visual Studio 15
VisualStudioVersion = 15.0.26730.16
MinimumVisualStudioVersion = 10.0.40219.1
Project("{F2A71F9B-5D33-465A-A702-920D77279786}") = "SudokuSolverDriver", "SudokuSolverDriver\SudokuSolverDriver.fsproj", "{C2730D28-D37B-490C-866A-C711E86BA975}"
EndProject
Global
	GlobalSection(SolutionConfigurationPlatforms) = preSolution
		Debug|Any CPU = Debug|Any CPU
		Release|Any CPU = Release|Any CPU
	EndGlobalSection
	GlobalSection(ProjectConfigurationPlatforms) = postSolution
		{C2730D28-D37B-490C-866A-C711E86BA975}.Debug|Any CPU.ActiveCfg = Debug|Any CPU
		{C2730D28-D37B-490C-866A-C711E86BA975}.Debug|Any CPU.Build.0 = Debug|Any CPU
		{C2730D28-D37B-490C-866A-C711E86BA975}.Release|Any CPU.ActiveCfg = Release|Any CPU
		{C2730D28-D37B-490C-866A-C711E86BA975}.Release|Any CPU.Build.0 = Release|Any CPU
	EndGlobalSection
	GlobalSection(SolutionProperties) = preSolution
		HideSolutionNode = FALSE
	EndGlobalSection
	GlobalSection(ExtensibilityGlobals) = postSolution
		SolutionGuid = {A65AD9F3-C829-45D5-A882-D2081CE63922}
	EndGlobalSection
EndGlobal
